{
  "name": "gcf",
  "lockfileVersion": 3,
  "requires": true,
  "packages": {
    "": {
      "dependencies": {
        "@blackwell-systems/gcf": "^2.2.0",
        "@lenml/tokenizer-claude": "^3.7.2",
        "@lenml/tokenizer-deepseek_v3": "^3.7.2",
        "@lenml/tokenizer-gemma2": "^3.7.2",
        "@lenml/tokenizer-gpt4": "^3.7.2",
        "@lenml/tokenizer-gpt4o": "^3.7.2",
        "@lenml/tokenizer-llama3_1": "^3.7.2",
        "@lenml/tokenizer-mistral_nemo": "^3.7.2",
        "@lenml/tokenizer-qwen2_5": "^3.7.2",
        "@lenml/tokenizers": "^3.7.2",
        "@toon-format/toon": "^2.3.0",
        "js-tiktoken": "^1.0.21"
      }
    },
    "node_modules/@blackwell-systems/gcf": {
      "version": "2.2.0",
      "resolved": "https://registry.npmjs.org/@blackwell-systems/gcf/-/gcf-2.2.0.tgz",
      "integrity": "sha512-bls4QF7UzMLmfiNhRNBkYsql/FXTesSJcShvmDCTSxGk8r2rDH5WIBB4fzaeQo7K9Z01KS4ooGJghFdgrSj0wA==",
      "license": "MIT",
      "bin": {
        "gcf": "dist/cli.js"
      }
    },
    "node_modules/@lenml/tokenizer-claude": {
      "version": "3.7.2",
      "resolved": "https://registry.npmjs.org/@lenml/tokenizer-claude/-/tokenizer-claude-3.7.2.tgz",
      "integrity": "sha512-1e5R8F5dBT6dY7zPFanZfrcS7rAHtdcv6r7jDAIvsBXvhkWXuWsASNoOV27LHUJYpXm4bgM8tXq4e/FpO+ecbg==",
      "license": "Apache-2.0",
      "dependencies": {
        "@lenml/tokenizers": "^3.7.2"
      }
    },
    "node_modules/@lenml/tokenizer-deepseek_v3": {
      "version": "3.7.2",
      "resolved": "https://registry.npmjs.org/@lenml/tokenizer-deepseek_v3/-/tokenizer-deepseek_v3-3.7.2.tgz",
      "integrity": "sha512-Bc7IzlrCh5i8DY8HTNx7eWgW5c+h2TACiG/mzFrB3B8h+7Seylo4Z/JMNrI48g+uMfVEdaiE0nykgBSCJARu7Q==",
      "license": "Apache-2.0",
      "dependencies": {
        "@lenml/tokenizers": "^3.7.2"
      }
    },
    "node_modules/@lenml/tokenizer-gemma2": {
      "version": "3.7.2",
      "resolved": "https://registry.npmjs.org/@lenml/tokenizer-gemma2/-/tokenizer-gemma2-3.7.2.tgz",
      "integrity": "sha512-2hNwFEUp7EEblZiyxG5sIrMUamnj7KQS6B2PPrit0e5Ra/ZWUFcKNtrKK200Yp8wbcxHFoFDAQn5j+Bvu91E9Q==",
      "license": "Apache-2.0",
      "dependencies": {
        "@lenml/tokenizers": "^3.7.2"
      }
    },
    "node_modules/@lenml/tokenizer-gpt4": {
      "version": "3.7.2",
      "resolved": "https://registry.npmjs.org/@lenml/tokenizer-gpt4/-/tokenizer-gpt4-3.7.2.tgz",
      "integrity": "sha512-Sd2PxvCTfyAh9lqlDvhvC+EAbOj8zd6s3dFHVu97gSnWqe8Mf5P0f7DUb0YHiNU6Gpv3QYVQWYrFkdqD/huhYg==",
      "license": "Apache-2.0",
      "dependencies": {
        "@lenml/tokenizers": "^3.7.2"
      }
    },
    "node_modules/@lenml/tokenizer-gpt4o": {
      "version": "3.7.2",
      "resolved": "https://registry.npmjs.org/@lenml/tokenizer-gpt4o/-/tokenizer-gpt4o-3.7.2.tgz",
      "integrity": "sha512-ieVk9K5Sjltx0UYtWqY+MowVsngbwgAk3BIS2nFT66mjj7Jt3Bn2J0ytNV8yIk1itE/kltNR0gJhGiKFr75hGw==",
      "license": "Apache-2.0",
      "dependencies": {
        "@lenml/tokenizers": "^3.7.2"
      }
    },
    "node_modules/@lenml/tokenizer-llama3_1": {
      "version": "3.7.2",
      "resolved": "https://registry.npmjs.org/@lenml/tokenizer-llama3_1/-/tokenizer-llama3_1-3.7.2.tgz",
      "integrity": "sha512-t4znctvShSQXR7vNoeZcxQ6p06ZrDZsxnx+JxGonc0Yuo4iupvXpIZNs0PeITu83Yws+9sD1jfu9DG5tWjozhg==",
      "license": "Apache-2.0",
      "dependencies": {
        "@lenml/tokenizers": "^3.7.2"
      }
    },
    "node_modules/@lenml/tokenizer-mistral_nemo": {
      "version": "3.7.2",
      "resolved": "https://registry.npmjs.org/@lenml/tokenizer-mistral_nemo/-/tokenizer-mistral_nemo-3.7.2.tgz",
      "integrity": "sha512-zOwMgptc11+ZLExjQ0/fEvvu1iXehEaK2ZJ9Cx5tmX8qK6tytdhggq3qEuO3+hjIghapCySfgGm0fueB0iQxcw==",
      "license": "Apache-2.0",
      "dependencies": {
        "@lenml/tokenizers": "^3.7.2"
      }
    },
    "node_modules/@lenml/tokenizer-qwen2_5": {
      "version": "3.7.2",
      "resolved": "https://registry.npmjs.org/@lenml/tokenizer-qwen2_5/-/tokenizer-qwen2_5-3.7.2.tgz",
      "integrity": "sha512-6hbFsuKfOU7pncR3qQqvhOAcDboqWTZOTob9jv4sJZjXhc8X05r4pretlPeyC2UeLU/ayFDU6rl5dd/BDDUsFg==",
      "license": "Apache-2.0",
      "dependencies": {
        "@lenml/tokenizers": "^3.7.2"
      }
    },
    "node_modules/@lenml/tokenizers": {
      "version": "3.7.2",
      "resolved": "https://registry.npmjs.org/@lenml/tokenizers/-/tokenizers-3.7.2.tgz",
      "integrity": "sha512-tuap9T7Q80Czor8NHzxjlLNvxEX8MgFINzsBTV+lq1v7G+78YR3ZvBhmLsPHtgqExB4Q4kCJH6dhXOYWSLdHLw==",
      "license": "Apache-2.0"
    },
    "node_modules/@toon-format/toon": {
      "version": "2.3.0",
      "resolved": "https://registry.npmjs.org/@toon-format/toon/-/toon-2.3.0.tgz",
      "integrity": "sha512-/Ew9etdRQKVMnm9fDaCG0JjyAOK/O7T0M97oum1aW4W+UR8ZhVVPBanIV7oWgHBiGlnVxV9M55PWQCHofDV07w==",
      "license": "MIT"
    },
    "node_modules/base64-js": {
      "version": "1.5.1",
      "resolved": "https://registry.npmjs.org/base64-js/-/base64-js-1.5.1.tgz",
      "integrity": "sha512-AKpaYlHn8t4SVbOHCy+b5+KKgvR4vrsD8vbvrbiQJps7fKDTkjkDry6ji0rUJjC0kzbNePLwzxq8iypo41qeWA==",
      "funding": [
        {
          "type": "github",
          "url": "https://github.com/sponsors/feross"
        },
        {
          "type": "patreon",
          "url": "https://www.patreon.com/feross"
        },
        {
          "type": "consulting",
          "url": "https://feross.org/support"
        }
      ],
      "license": "MIT"
    },
    "node_modules/js-tiktoken": {
      "version": "1.0.21",
      "resolved": "https://registry.npmjs.org/js-tiktoken/-/js-tiktoken-1.0.21.tgz",
      "integrity": "sha512-biOj/6M5qdgx5TKjDnFT1ymSpM5tbd3ylwDtrQvFQSu0Z7bBYko2dF+W/aUkXUPuk6IVpRxk/3Q2sHOzGlS36g==",
      "license": "MIT",
      "dependencies": {
        "base64-js": "^1.5.1"
      }
    }
  }
}
